{
	"requires": true,
	"lockfileVersion": 1,
	"dependencies": {
		"@datorama/utils": {
			"version": "1.9.1",
			"resolved": "https://registry.npmjs.org/@datorama/utils/-/utils-1.9.1.tgz",
			"integrity": "sha512-BO9wD+rHAiTSIJ6jY8QSIkWUF9Ax1sB/RNh4sxjn1pkqOGbhSTPVNj7dUGNX9uWFJU0cUg0zgj4Qmh7kWxyo+w==",
			"requires": {
				"lodash.clonedeep": "4.5.0",
				"lodash.curry": "4.1.1",
				"lodash.debounce": "4.0.8",
				"lodash.difference": "4.5.0",
				"lodash.eq": "4.0.0",
				"lodash.escape": "4.0.1",
				"lodash.escaperegexp": "4.1.2",
				"lodash.filter": "4.6.0",
				"lodash.find": "4.6.0",
				"lodash.findindex": "4.6.0",
				"lodash.foreach": "4.5.0",
				"lodash.get": "4.4.2",
				"lodash.groupby": "4.6.0",
				"lodash.has": "4.5.2",
				"lodash.intersection": "4.4.0",
				"lodash.isempty": "4.4.0",
				"lodash.isequal": "4.5.0",
				"lodash.keyby": "4.6.0",
				"lodash.keys": "4.2.0",
				"lodash.map": "4.6.0",
				"lodash.mapkeys": "4.6.0",
				"lodash.mapvalues": "4.6.0",
				"lodash.merge": "4.6.1",
				"lodash.minby": "4.6.0",
				"lodash.reject": "4.6.0",
				"lodash.sortby": "4.7.0",
				"lodash.throttle": "4.1.1",
				"lodash.transform": "4.6.0",
				"lodash.unescape": "4.0.1",
				"lodash.union": "4.6.0",
				"lodash.values": "4.3.0"
			}
		},
		"lodash": {
			"version": "4.17.5",
			"resolved": "https://registry.npmjs.org/lodash/-/lodash-4.17.5.tgz",
			"integrity": "sha512-svL3uiZf1RwhH+cWrfZn3A4+U58wbP0tGVTLQPbjplZxZ8ROD9VLuNgsRniTlLe7OlSqR79RUehXgpBW/s0IQw=="
		},
		"lodash.clonedeep": {
			"version": "4.5.0",
			"resolved": "https://registry.npmjs.org/lodash.clonedeep/-/lodash.clonedeep-4.5.0.tgz",
			"integrity": "sha1-4j8/nE+Pvd6HJSnBBxhXoIblzO8="
		},
		"lodash.curry": {
			"version": "4.1.1",
			"resolved": "https://registry.npmjs.org/lodash.curry/-/lodash.curry-4.1.1.tgz",
			"integrity": "sha1-JI42By7ekGUB11lmIAqG2riyMXA="
		},
		"lodash.debounce": {
			"version": "4.0.8",
			"resolved": "https://registry.npmjs.org/lodash.debounce/-/lodash.debounce-4.0.8.tgz",
			"integrity": "sha1-gteb/zCmfEAF/9XiUVMArZyk168="
		},
		"lodash.difference": {
			"version": "4.5.0",
			"resolved": "https://registry.npmjs.org/lodash.difference/-/lodash.difference-4.5.0.tgz",
			"integrity": "sha1-nMtOUF1Ia5FlE0V3KIWi3yf9AXw="
		},
		"lodash.eq": {
			"version": "4.0.0",
			"resolved": "https://registry.npmjs.org/lodash.eq/-/lodash.eq-4.0.0.tgz",
			"integrity": "sha1-o58Gd55y+cDR8xDJDNKSwWYdUDU="
		},
		"lodash.escape": {
			"version": "4.0.1",
			"resolved": "https://registry.npmjs.org/lodash.escape/-/lodash.escape-4.0.1.tgz",
			"integrity": "sha1-yQRGkMIeBClL6qUXcS/e0fqI3pg="
		},
		"lodash.escaperegexp": {
			"version": "4.1.2",
			"resolved": "https://registry.npmjs.org/lodash.escaperegexp/-/lodash.escaperegexp-4.1.2.tgz",
			"integrity": "sha1-ZHYsSGGAglGKw99Mz11YhtriA0c="
		},
		"lodash.filter": {
			"version": "4.6.0",
			"resolved": "https://registry.npmjs.org/lodash.filter/-/lodash.filter-4.6.0.tgz",
			"integrity": "sha1-ZosdSYFgOuHMWm+nYBQ+SAtMSs4="
		},
		"lodash.find": {
			"version": "4.6.0",
			"resolved": "https://registry.npmjs.org/lodash.find/-/lodash.find-4.6.0.tgz",
			"integrity": "sha1-ywcE1Hq3F4n/oN6Ll92Sb7iLE7E="
		},
		"lodash.findindex": {
			"version": "4.6.0",
			"resolved": "https://registry.npmjs.org/lodash.findindex/-/lodash.findindex-4.6.0.tgz",
			"integrity": "sha1-oyRd7mH7m24GJLU1ElYku2nBEQY="
		},
		"lodash.foreach": {
			"version": "4.5.0",
			"resolved": "https://registry.npmjs.org/lodash.foreach/-/lodash.foreach-4.5.0.tgz",
			"integrity": "sha1-Gmo16s5AEoDH8G3d7DUWWrJ+PlM="
		},
		"lodash.get": {
			"version": "4.4.2",
			"resolved": "https://registry.npmjs.org/lodash.get/-/lodash.get-4.4.2.tgz",
			"integrity": "sha1-LRd/ZS+jHpObRDjVNBSZ36OCXpk="
		},
		"lodash.groupby": {
			"version": "4.6.0",
			"resolved": "https://registry.npmjs.org/lodash.groupby/-/lodash.groupby-4.6.0.tgz",
			"integrity": "sha1-Cwih3PaDl8OXhVwyOXg4Mt90A9E="
		},
		"lodash.has": {
			"version": "4.5.2",
			"resolved": "https://registry.npmjs.org/lodash.has/-/lodash.has-4.5.2.tgz",
			"integrity": "sha1-0Z9NwQlQWMzL4rDN9O4P5Ko3yGI="
		},
		"lodash.intersection": {
			"version": "4.4.0",
			"resolved": "https://registry.npmjs.org/lodash.intersection/-/lodash.intersection-4.4.0.tgz",
			"integrity": "sha1-ChG6Yx0OlcI8fy9Mu5ppLtF45wU="
		},
		"lodash.isempty": {
			"version": "4.4.0",
			"resolved": "https://registry.npmjs.org/lodash.isempty/-/lodash.isempty-4.4.0.tgz",
			"integrity": "sha1-b4bL7di+TsmHvpqvM8loTbGzHn4="
		},
		"lodash.isequal": {
			"version": "4.5.0",
			"resolved": "https://registry.npmjs.org/lodash.isequal/-/lodash.isequal-4.5.0.tgz",
			"integrity": "sha1-QVxEePK8wwEgwizhDtMib30+GOA="
		},
		"lodash.keyby": {
			"version": "4.6.0",
			"resolved": "https://registry.npmjs.org/lodash.keyby/-/lodash.keyby-4.6.0.tgz",
			"integrity": "sha1-f2oavak/0k4icopNNh7YvLpaQ1Q="
		},
		"lodash.keys": {
			"version": "4.2.0",
			"resolved": "https://registry.npmjs.org/lodash.keys/-/lodash.keys-4.2.0.tgz",
			"integrity": "sha1-oIYCrBLk+4P5H8H7ejYKTZujUgU="
		},
		"lodash.map": {
			"version": "4.6.0",
			"resolved": "https://registry.npmjs.org/lodash.map/-/lodash.map-4.6.0.tgz",
			"integrity": "sha1-dx7Hg540c9nEzeKLGTlMNWL09tM="
		},
		"lodash.mapkeys": {
			"version": "4.6.0",
			"resolved": "https://registry.npmjs.org/lodash.mapkeys/-/lodash.mapkeys-4.6.0.tgz",
			"integrity": "sha1-3yz6Ix18V8eorQA6va1dc9PqUZU="
		},
		"lodash.mapvalues": {
			"version": "4.6.0",
			"resolved": "https://registry.npmjs.org/lodash.mapvalues/-/lodash.mapvalues-4.6.0.tgz",
			"integrity": "sha1-G6+lAF3p3W9PJmaMMMo3IwzJaJw="
		},
		"lodash.merge": {
			"version": "4.6.1",
			"resolved": "https://registry.npmjs.org/lodash.merge/-/lodash.merge-4.6.1.tgz",
			"integrity": "sha512-AOYza4+Hf5z1/0Hztxpm2/xiPZgi/cjMqdnKTUWTBSKchJlxXXuUSxCCl8rJlf4g6yww/j6mA8nC8Hw/EZWxKQ=="
		},
		"lodash.minby": {
			"version": "4.6.0",
			"resolved": "https://registry.npmjs.org/lodash.minby/-/lodash.minby-4.6.0.tgz",
			"integrity": "sha1-ixBXZa6XOVSulEqAKZmbgIC9+MQ="
		},
		"lodash.reject": {
			"version": "4.6.0",
			"resolved": "https://registry.npmjs.org/lodash.reject/-/lodash.reject-4.6.0.tgz",
			"integrity": "sha1-gNZJLcFHCGS79YNTO2UfQqn1JBU="
		},
		"lodash.sortby": {
			"version": "4.7.0",
			"resolved": "https://registry.npmjs.org/lodash.sortby/-/lodash.sortby-4.7.0.tgz",
			"integrity": "sha1-7dFMgk4sycHgsKG0K7UhBRakJDg="
		},
		"lodash.throttle": {
			"version": "4.1.1",
			"resolved": "https://registry.npmjs.org/lodash.throttle/-/lodash.throttle-4.1.1.tgz",
			"integrity": "sha1-wj6RtxAkKscMN/HhzaknTMOb8vQ="
		},
		"lodash.transform": {
			"version": "4.6.0",
			"resolved": "https://registry.npmjs.org/lodash.transform/-/lodash.transform-4.6.0.tgz",
			"integrity": "sha1-EjBkIvYzJK7YSD0/ODMrX2cFR6A="
		},
		"lodash.unescape": {
			"version": "4.0.1",
			"resolved": "https://registry.npmjs.org/lodash.unescape/-/lodash.unescape-4.0.1.tgz",
			"integrity": "sha1-vyJJiGzlFM2hEvrpIYzcBlIR/Jw="
		},
		"lodash.union": {
			"version": "4.6.0",
			"resolved": "https://registry.npmjs.org/lodash.union/-/lodash.union-4.6.0.tgz",
			"integrity": "sha1-SLtQiECfFvGCFmZkHETdGqrjzYg="
		},
		"lodash.values": {
			"version": "4.3.0",
			"resolved": "https://registry.npmjs.org/lodash.values/-/lodash.values-4.3.0.tgz",
			"integrity": "sha1-o6bCsOvsxcLLocF+bmIP6BtT00c="
		}
	}
}
